
Microsoft Visual Studio Solution File, Format Version 12.00
# Visual Studio 15
VisualStudioVersion = 15.0.28307.136
MinimumVisualStudioVersion = 10.0.40219.1
Project("{F14B399A-7131-4C87-9E4B-1186C45EF12D}") = "CustomerReport2", "CustomerReports2\CustomerReport.rptproj", "{84504EF2-E247-4762-B04F-B60BD3832088}"
EndProject
Global
	GlobalSection(SolutionConfigurationPlatforms) = preSolution
		Debug|Default = Debug|Default
		DebugLocal|Default = DebugLocal|Default
		Release|Default = Release|Default
	EndGlobalSection
	GlobalSection(ProjectConfigurationPlatforms) = postSolution
		{84504EF2-E247-4762-B04F-B60BD3832088}.Debug|Default.ActiveCfg = Debug
		{84504EF2-E247-4762-B04F-B60BD3832088}.Debug|Default.Build.0 = Debug
		{84504EF2-E247-4762-B04F-B60BD3832088}.Debug|Default.Deploy.0 = Debug
		{84504EF2-E247-4762-B04F-B60BD3832088}.DebugLocal|Default.ActiveCfg = DebugLocal
		{84504EF2-E247-4762-B04F-B60BD3832088}.DebugLocal|Default.Build.0 = DebugLocal
		{84504EF2-E247-4762-B04F-B60BD3832088}.Release|Default.ActiveCfg = Release
		{84504EF2-E247-4762-B04F-B60BD3832088}.Release|Default.Build.0 = Release
		{84504EF2-E247-4762-B04F-B60BD3832088}.Release|Default.Deploy.0 = Release
	EndGlobalSection
	GlobalSection(SolutionProperties) = preSolution
		HideSolutionNode = FALSE
	EndGlobalSection
	GlobalSection(ExtensibilityGlobals) = postSolution
		SolutionGuid = {6E5EB799-73EA-4099-B8D0-5A2751C3CE14}
	EndGlobalSection
EndGlobal
